
Microsoft Visual Studio Solution File, Format Version 12.00
# Visual Studio Version 16
VisualStudioVersion = 16.0.31205.134
MinimumVisualStudioVersion = 10.0.40219.1
Project("{FAE04EC0-301F-11D3-BF4B-00C04F79EFBC}") = "ArabicToRomanNumbers", "ArabicToRomanNumbers\ArabicToRomanNumbers.csproj", "{5B9A1AC4-85B5-48FD-9D17-0DBB1B6A31A6}"
EndProject
Project("{FAE04EC0-301F-11D3-BF4B-00C04F79EFBC}") = "ArabicToRomanNumbersTests", "ArabicToRomanNumbersTests\ArabicToRomanNumbersTests.csproj", "{EC504F1E-7AD9-4684-B667-E9E7858C0621}"
EndProject
Global
	GlobalSection(SolutionConfigurationPlatforms) = preSolution
		Debug|Any CPU = Debug|Any CPU
		Release|Any CPU = Release|Any CPU
	EndGlobalSection
	GlobalSection(ProjectConfigurationPlatforms) = postSolution
		{5B9A1AC4-85B5-48FD-9D17-0DBB1B6A31A6}.Debug|Any CPU.ActiveCfg = Debug|Any CPU
		{5B9A1AC4-85B5-48FD-9D17-0DBB1B6A31A6}.Debug|Any CPU.Build.0 = Debug|Any CPU
		{5B9A1AC4-85B5-48FD-9D17-0DBB1B6A31A6}.Release|Any CPU.ActiveCfg = Release|Any CPU
		{5B9A1AC4-85B5-48FD-9D17-0DBB1B6A31A6}.Release|Any CPU.Build.0 = Release|Any CPU
		{EC504F1E-7AD9-4684-B667-E9E7858C0621}.Debug|Any CPU.ActiveCfg = Debug|Any CPU
		{EC504F1E-7AD9-4684-B667-E9E7858C0621}.Debug|Any CPU.Build.0 = Debug|Any CPU
		{EC504F1E-7AD9-4684-B667-E9E7858C0621}.Release|Any CPU.ActiveCfg = Release|Any CPU
		{EC504F1E-7AD9-4684-B667-E9E7858C0621}.Release|Any CPU.Build.0 = Release|Any CPU
	EndGlobalSection
	GlobalSection(SolutionProperties) = preSolution
		HideSolutionNode = FALSE
	EndGlobalSection
	GlobalSection(ExtensibilityGlobals) = postSolution
		SolutionGuid = {D6052361-89B6-4321-BB44-B6A5C61AC4C3}
	EndGlobalSection
EndGlobal
